// !$*UTF8*$!
{
	archiveVersion = 1;
	classes = {
	};
	objectVersion = 50;
	objects = {

/* Begin PBXBuildFile section */
		2C44A71522D20BDD00E7F988 /* AppDelegate.swift in Sources */ = {isa = PBXBuildFile; fileRef = 2C44A71422D20BDD00E7F988 /* AppDelegate.swift */; };
		2C44A71722D20BDD00E7F988 /* SceneDelegate.swift in Sources */ = {isa = PBXBuildFile; fileRef = 2C44A71622D20BDD00E7F988 /* SceneDelegate.swift */; };
		2C44A71922D20BDD00E7F988 /* ContentView.swift in Sources */ = {isa = PBXBuildFile; fileRef = 2C44A71822D20BDD00E7F988 /* ContentView.swift */; };
		2C44A71B22D20BDE00E7F988 /* Assets.xcassets in Resources */ = {isa = PBXBuildFile; fileRef = 2C44A71A22D20BDE00E7F988 /* Assets.xcassets */; };
		2C44A71E22D20BDE00E7F988 /* Preview Assets.xcassets in Resources */ = {isa = PBXBuildFile; fileRef = 2C44A71D22D20BDE00E7F988 /* Preview Assets.xcassets */; };
		2C44A72122D20BDE00E7F988 /* LaunchScreen.storyboard in Resources */ = {isa = PBXBuildFile; fileRef = 2C44A71F22D20BDE00E7F988 /* LaunchScreen.storyboard */; };
		2C44A73722D20CCE00E7F988 /* chilkoottrail.jpg in Resources */ = {isa = PBXBuildFile; fileRef = 2C44A72922D20CCD00E7F988 /* chilkoottrail.jpg */; };
		2C44A73822D20CCE00E7F988 /* charleyrivers.jpg in Resources */ = {isa = PBXBuildFile; fileRef = 2C44A72A22D20CCD00E7F988 /* charleyrivers.jpg */; };
		2C44A73922D20CCE00E7F988 /* hiddenlake.jpg in Resources */ = {isa = PBXBuildFile; fileRef = 2C44A72B22D20CCD00E7F988 /* hiddenlake.jpg */; };
		2C44A73A22D20CCE00E7F988 /* landmarks.json in Resources */ = {isa = PBXBuildFile; fileRef = 2C44A72C22D20CCD00E7F988 /* landmarks.json */; };
		2C44A73B22D20CCE00E7F988 /* icybay.jpg in Resources */ = {isa = PBXBuildFile; fileRef = 2C44A72D22D20CCE00E7F988 /* icybay.jpg */; };
		2C44A73C22D20CCE00E7F988 /* turtlerock.jpg in Resources */ = {isa = PBXBuildFile; fileRef = 2C44A72E22D20CCE00E7F988 /* turtlerock.jpg */; };
		2C44A73D22D20CCE00E7F988 /* stmarylake.jpg in Resources */ = {isa = PBXBuildFile; fileRef = 2C44A72F22D20CCE00E7F988 /* stmarylake.jpg */; };
		2C44A73E22D20CCE00E7F988 /* chincoteague.jpg in Resources */ = {isa = PBXBuildFile; fileRef = 2C44A73022D20CCE00E7F988 /* chincoteague.jpg */; };
		2C44A73F22D20CCE00E7F988 /* rainbowlake.jpg in Resources */ = {isa = PBXBuildFile; fileRef = 2C44A73122D20CCE00E7F988 /* rainbowlake.jpg */; };
		2C44A74022D20CCE00E7F988 /* silversalmoncreek.jpg in Resources */ = {isa = PBXBuildFile; fileRef = 2C44A73222D20CCE00E7F988 /* silversalmoncreek.jpg */; };
		2C44A74122D20CCE00E7F988 /* twinlake.jpg in Resources */ = {isa = PBXBuildFile; fileRef = 2C44A73322D20CCE00E7F988 /* twinlake.jpg */; };
		2C44A74222D20CCE00E7F988 /* lakemcdonald.jpg in Resources */ = {isa = PBXBuildFile; fileRef = 2C44A73422D20CCE00E7F988 /* lakemcdonald.jpg */; };
		2C44A74422D20CCE00E7F988 /* umbagog.jpg in Resources */ = {isa = PBXBuildFile; fileRef = 2C44A73622D20CCE00E7F988 /* umbagog.jpg */; };
/* End PBXBuildFile section */

/* Begin PBXFileReference section */
		2C44A71122D20BDD00E7F988 /* SwiftUIDemo.app */ = {isa = PBXFileReference; explicitFileType = wrapper.application; includeInIndex = 0; path = SwiftUIDemo.app; sourceTree = BUILT_PRODUCTS_DIR; };
		2C44A71422D20BDD00E7F988 /* AppDelegate.swift */ = {isa = PBXFileReference; lastKnownFileType = sourcecode.swift; path = AppDelegate.swift; sourceTree = "<group>"; };
		2C44A71622D20BDD00E7F988 /* SceneDelegate.swift */ = {isa = PBXFileReference; lastKnownFileType = sourcecode.swift; path = SceneDelegate.swift; sourceTree = "<group>"; };
		2C44A71822D20BDD00E7F988 /* ContentView.swift */ = {isa = PBXFileReference; lastKnownFileType = sourcecode.swift; path = ContentView.swift; sourceTree = "<group>"; };
		2C44A71A22D20BDE00E7F988 /* Assets.xcassets */ = {isa = PBXFileReference; lastKnownFileType = folder.assetcatalog; path = Assets.xcassets; sourceTree = "<group>"; };
		2C44A71D22D20BDE00E7F988 /* Preview Assets.xcassets */ = {isa = PBXFileReference; lastKnownFileType = folder.assetcatalog; path = "Preview Assets.xcassets"; sourceTree = "<group>"; };
		2C44A72022D20BDE00E7F988 /* Base */ = {isa = PBXFileReference; lastKnownFileType = file.storyboard; name = Base; path = Base.lproj/LaunchScreen.storyboard; sourceTree = "<group>"; };
		2C44A72222D20BDE00E7F988 /* Info.plist */ = {isa = PBXFileReference; lastKnownFileType = text.plist.xml; path = Info.plist; sourceTree = "<group>"; };
		2C44A72922D20CCD00E7F988 /* chilkoottrail.jpg */ = {isa = PBXFileReference; lastKnownFileType = image.jpeg; path = chilkoottrail.jpg; sourceTree = "<group>"; };
		2C44A72A22D20CCD00E7F988 /* charleyrivers.jpg */ = {isa = PBXFileReference; lastKnownFileType = image.jpeg; path = charleyrivers.jpg; sourceTree = "<group>"; };
		2C44A72B22D20CCD00E7F988 /* hiddenlake.jpg */ = {isa = PBXFileReference; lastKnownFileType = image.jpeg; path = hiddenlake.jpg; sourceTree = "<group>"; };
		2C44A72C22D20CCD00E7F988 /* landmarks.json */ = {isa = PBXFileReference; fileEncoding = 4; lastKnownFileType = text.json; path = landmarks.json; sourceTree = "<group>"; };
		2C44A72D22D20CCE00E7F988 /* icybay.jpg */ = {isa = PBXFileReference; lastKnownFileType = image.jpeg; path = icybay.jpg; sourceTree = "<group>"; };
		2C44A72E22D20CCE00E7F988 /* turtlerock.jpg */ = {isa = PBXFileReference; lastKnownFileType = image.jpeg; path = turtlerock.jpg; sourceTree = "<group>"; };
		2C44A72F22D20CCE00E7F988 /* stmarylake.jpg */ = {isa = PBXFileReference; lastKnownFileType = image.jpeg; path = stmarylake.jpg; sourceTree = "<group>"; };
		2C44A73022D20CCE00E7F988 /* chincoteague.jpg */ = {isa = PBXFileReference; lastKnownFileType = image.jpeg; path = chincoteague.jpg; sourceTree = "<group>"; };
		2C44A73122D20CCE00E7F988 /* rainbowlake.jpg */ = {isa = PBXFileReference; lastKnownFileType = image.jpeg; path = rainbowlake.jpg; sourceTree = "<group>"; };
		2C44A73222D20CCE00E7F988 /* silversalmoncreek.jpg */ = {isa = PBXFileReference; lastKnownFileType = image.jpeg; path = silversalmoncreek.jpg; sourceTree = "<group>"; };
		2C44A73322D20CCE00E7F988 /* twinlake.jpg */ = {isa = PBXFileReference; lastKnownFileType = image.jpeg; path = twinlake.jpg; sourceTree = "<group>"; };
		2C44A73422D20CCE00E7F988 /* lakemcdonald.jpg */ = {isa = PBXFileReference; lastKnownFileType = image.jpeg; path = lakemcdonald.jpg; sourceTree = "<group>"; };
		2C44A73622D20CCE00E7F988 /* umbagog.jpg */ = {isa = PBXFileReference; lastKnownFileType = image.jpeg; path = umbagog.jpg; sourceTree = "<group>"; };
/* End PBXFileReference section */

/* Begin PBXFrameworksBuildPhase section */
		2C44A70E22D20BDD00E7F988 /* Frameworks */ = {
			isa = PBXFrameworksBuildPhase;
			buildActionMask = 2147483647;
			files = (
			);
			runOnlyForDeploymentPostprocessing = 0;
		};
/* End PBXFrameworksBuildPhase section */

/* Begin PBXGroup section */
		2C44A70822D20BDD00E7F988 = {
			isa = PBXGroup;
			children = (
				2C44A71322D20BDD00E7F988 /* SwiftUIDemo */,
				2C44A71222D20BDD00E7F988 /* Products */,
			);
			sourceTree = "<group>";
		};
		2C44A71222D20BDD00E7F988 /* Products */ = {
			isa = PBXGroup;
			children = (
				2C44A71122D20BDD00E7F988 /* SwiftUIDemo.app */,
			);
			name = Products;
			sourceTree = "<group>";
		};
		2C44A71322D20BDD00E7F988 /* SwiftUIDemo */ = {
			isa = PBXGroup;
			children = (
				2C44A71422D20BDD00E7F988 /* AppDelegate.swift */,
				2C44A71622D20BDD00E7F988 /* SceneDelegate.swift */,
				2C44A71822D20BDD00E7F988 /* ContentView.swift */,
				2C44A72822D20CAE00E7F988 /* Resources */,
				2C44A71A22D20BDE00E7F988 /* Assets.xcassets */,
				2C44A71F22D20BDE00E7F988 /* LaunchScreen.storyboard */,
				2C44A72222D20BDE00E7F988 /* Info.plist */,
				2C44A71C22D20BDE00E7F988 /* Preview Content */,
			);
			path = SwiftUIDemo;
			sourceTree = "<group>";
		};
		2C44A71C22D20BDE00E7F988 /* Preview Content */ = {
			isa = PBXGroup;
			children = (
				2C44A71D22D20BDE00E7F988 /* Preview Assets.xcassets */,
			);
			path = "Preview Content";
			sourceTree = "<group>";
		};
		2C44A72822D20CAE00E7F988 /* Resources */ = {
			isa = PBXGroup;
			children = (
				2C44A72C22D20CCD00E7F988 /* landmarks.json */,
				2C44A72A22D20CCD00E7F988 /* charleyrivers.jpg */,
				2C44A72922D20CCD00E7F988 /* chilkoottrail.jpg */,
				2C44A73022D20CCE00E7F988 /* chincoteague.jpg */,
				2C44A72B22D20CCD00E7F988 /* hiddenlake.jpg */,
				2C44A72D22D20CCE00E7F988 /* icybay.jpg */,
				2C44A73422D20CCE00E7F988 /* lakemcdonald.jpg */,
				2C44A73122D20CCE00E7F988 /* rainbowlake.jpg */,
				2C44A73222D20CCE00E7F988 /* silversalmoncreek.jpg */,
				2C44A72F22D20CCE00E7F988 /* stmarylake.jpg */,
				2C44A72E22D20CCE00E7F988 /* turtlerock.jpg */,
				2C44A73322D20CCE00E7F988 /* twinlake.jpg */,
				2C44A73622D20CCE00E7F988 /* umbagog.jpg */,
			);
			path = Resources;
			sourceTree = "<group>";
		};
/* End PBXGroup section */

/* Begin PBXNativeTarget section */
		2C44A71022D20BDD00E7F988 /* SwiftUIDemo */ = {
			isa = PBXNativeTarget;
			buildConfigurationList = 2C44A72522D20BDE00E7F988 /* Build configuration list for PBXNativeTarget "SwiftUIDemo" */;
			buildPhases = (
				2C44A70D22D20BDD00E7F988 /* Sources */,
				2C44A70E22D20BDD00E7F988 /* Frameworks */,
				2C44A70F22D20BDD00E7F988 /* Resources */,
			);
			buildRules = (
			);
			dependencies = (
			);
			name = SwiftUIDemo;
			productName = SwiftUIDemo;
			productReference = 2C44A71122D20BDD00E7F988 /* SwiftUIDemo.app */;
			productType = "com.apple.product-type.application";
		};
/* End PBXNativeTarget section */

/* Begin PBXProject section */
		2C44A70922D20BDD00E7F988 /* Project object */ = {
			isa = PBXProject;
			attributes = {
				LastSwiftUpdateCheck = 1100;
				LastUpgradeCheck = 1100;
				ORGANIZATIONNAME = disho;
				TargetAttributes = {
					2C44A71022D20BDD00E7F988 = {
						CreatedOnToolsVersion = 11.0;
					};
				};
			};
			buildConfigurationList = 2C44A70C22D20BDD00E7F988 /* Build configuration list for PBXProject "SwiftUIDemo" */;
			compatibilityVersion = "Xcode 9.3";
			developmentRegion = en;
			hasScannedForEncodings = 0;
			knownRegions = (
				en,
				Base,
			);
			mainGroup = 2C44A70822D20BDD00E7F988;
			productRefGroup = 2C44A71222D20BDD00E7F988 /* Products */;
			projectDirPath = "";
			projectRoot = "";
			targets = (
				2C44A71022D20BDD00E7F988 /* SwiftUIDemo */,
			);
		};
/* End PBXProject section */

/* Begin PBXResourcesBuildPhase section */
		2C44A70F22D20BDD00E7F988 /* Resources */ = {
			isa = PBXResourcesBuildPhase;
			buildActionMask = 2147483647;
			files = (
				2C44A74022D20CCE00E7F988 /* silversalmoncreek.jpg in Resources */,
				2C44A73822D20CCE00E7F988 /* charleyrivers.jpg in Resources */,
				2C44A73F22D20CCE00E7F988 /* rainbowlake.jpg in Resources */,
				2C44A72122D20BDE00E7F988 /* LaunchScreen.storyboard in Resources */,
				2C44A74122D20CCE00E7F988 /* twinlake.jpg in Resources */,
				2C44A73C22D20CCE00E7F988 /* turtlerock.jpg in Resources */,
				2C44A74222D20CCE00E7F988 /* lakemcdonald.jpg in Resources */,
				2C44A73B22D20CCE00E7F988 /* icybay.jpg in Resources */,
				2C44A74422D20CCE00E7F988 /* umbagog.jpg in Resources */,
				2C44A73A22D20CCE00E7F988 /* landmarks.json in Resources */,
				2C44A73722D20CCE00E7F988 /* chilkoottrail.jpg in Resources */,
				2C44A73D22D20CCE00E7F988 /* stmarylake.jpg in Resources */,
				2C44A73E22D20CCE00E7F988 /* chincoteague.jpg in Resources */,
				2C44A71E22D20BDE00E7F988 /* Preview Assets.xcassets in Resources */,
				2C44A73922D20CCE00E7F988 /* hiddenlake.jpg in Resources */,
				2C44A71B22D20BDE00E7F988 /* Assets.xcassets in Resources */,
			);
			runOnlyForDeploymentPostprocessing = 0;
		};
/* End PBXResourcesBuildPhase section */

/* Begin PBXSourcesBuildPhase section */
		2C44A70D22D20BDD00E7F988 /* Sources */ = {
			isa = PBXSourcesBuildPhase;
			buildActionMask = 2147483647;
			files = (
				2C44A71522D20BDD00E7F988 /* AppDelegate.swift in Sources */,
				2C44A71722D20BDD00E7F988 /* SceneDelegate.swift in Sources */,
				2C44A71922D20BDD00E7F988 /* ContentView.swift in Sources */,
			);
			runOnlyForDeploymentPostprocessing = 0;
		};
/* End PBXSourcesBuildPhase section */

/* Begin PBXVariantGroup section */
		2C44A71F22D20BDE00E7F988 /* LaunchScreen.storyboard */ = {
			isa = PBXVariantGroup;
			children = (
				2C44A72022D20BDE00E7F988 /* Base */,
			);
			name = LaunchScreen.storyboard;
			sourceTree = "<group>";
		};
/* End PBXVariantGroup section */

/* Begin XCBuildConfiguration section */
		2C44A72322D20BDE00E7F988 /* Debug */ = {
			isa = XCBuildConfiguration;
			buildSettings = {
				ALWAYS_SEARCH_USER_PATHS = NO;
				CLANG_ANALYZER_NONNULL = YES;
				CLANG_ANALYZER_NUMBER_OBJECT_CONVERSION = YES_AGGRESSIVE;
				CLANG_CXX_LANGUAGE_STANDARD = "gnu++14";
				CLANG_CXX_LIBRARY = "libc++";
				CLANG_ENABLE_MODULES = YES;
				CLANG_ENABLE_OBJC_ARC = YES;
				CLANG_ENABLE_OBJC_WEAK = YES;
				CLANG_WARN_BLOCK_CAPTURE_AUTORELEASING = YES;
				CLANG_WARN_BOOL_CONVERSION = YES;
				CLANG_WARN_COMMA = YES;
				CLANG_WARN_CONSTANT_CONVERSION = YES;
				CLANG_WARN_DEPRECATED_OBJC_IMPLEMENTATIONS = YES;
				CLANG_WARN_DIRECT_OBJC_ISA_USAGE = YES_ERROR;
				CLANG_WARN_DOCUMENTATION_COMMENTS = YES;
				CLANG_WARN_EMPTY_BODY = YES;
				CLANG_WARN_ENUM_CONVERSION = YES;
				CLANG_WARN_INFINITE_RECURSION = YES;
				CLANG_WARN_INT_CONVERSION = YES;
				CLANG_WARN_NON_LITERAL_NULL_CONVERSION = YES;
				CLANG_WARN_OBJC_IMPLICIT_RETAIN_SELF = YES;
				CLANG_WARN_OBJC_LITERAL_CONVERSION = YES;
				CLANG_WARN_OBJC_ROOT_CLASS = YES_ERROR;
				CLANG_WARN_RANGE_LOOP_ANALYSIS = YES;
				CLANG_WARN_STRICT_PROTOTYPES = YES;
				CLANG_WARN_SUSPICIOUS_MOVE = YES;
				CLANG_WARN_UNGUARDED_AVAILABILITY = YES_AGGRESSIVE;
				CLANG_WARN_UNREACHABLE_CODE = YES;
				CLANG_WARN__DUPLICATE_METHOD_MATCH = YES;
				COPY_PHASE_STRIP = NO;
				DEBUG_INFORMATION_FORMAT = dwarf;
				ENABLE_STRICT_OBJC_MSGSEND = YES;
				ENABLE_TESTABILITY = YES;
				GCC_C_LANGUAGE_STANDARD = gnu11;
				GCC_DYNAMIC_NO_PIC = NO;
				GCC_NO_COMMON_BLOCKS = YES;
				GCC_OPTIMIZATION_LEVEL = 0;
				GCC_PREPROCESSOR_DEFINITIONS = (
					"DEBUG=1",
					"$(inherited)",
				);
				GCC_WARN_64_TO_32_BIT_CONVERSION = YES;
				GCC_WARN_ABOUT_RETURN_TYPE = YES_ERROR;
				GCC_WARN_UNDECLARED_SELECTOR = YES;
				GCC_WARN_UNINITIALIZED_AUTOS = YES_AGGRESSIVE;
				GCC_WARN_UNUSED_FUNCTION = YES;
				GCC_WARN_UNUSED_VARIABLE = YES;
				IPHONEOS_DEPLOYMENT_TARGET = 13.0;
				MTL_ENABLE_DEBUG_INFO = INCLUDE_SOURCE;
				MTL_FAST_MATH = YES;
				ONLY_ACTIVE_ARCH = YES;
				SDKROOT = iphoneos;
				SWIFT_ACTIVE_COMPILATION_CONDITIONS = DEBUG;
				SWIFT_OPTIMIZATION_LEVEL = "-Onone";
			};
			name = Debug;
		};
		2C44A72422D20BDE00E7F988 /* Release */ = {
			isa = XCBuildConfiguration;
			buildSettings = {
				ALWAYS_SEARCH_USER_PATHS = NO;
				CLANG_ANALYZER_NONNULL = YES;
				CLANG_ANALYZER_NUMBER_OBJECT_CONVERSION = YES_AGGRESSIVE;
				CLANG_CXX_LANGUAGE_STANDARD = "gnu++14";
				CLANG_CXX_LIBRARY = "libc++";
				CLANG_ENABLE_MODULES = YES;
				CLANG_ENABLE_OBJC_ARC = YES;
				CLANG_ENABLE_OBJC_WEAK = YES;
				CLANG_WARN_BLOCK_CAPTURE_AUTORELEASING = YES;
				CLANG_WARN_BOOL_CONVERSION = YES;
				CLANG_WARN_COMMA = YES;
				CLANG_WARN_CONSTANT_CONVERSION = YES;
				CLANG_WARN_DEPRECATED_OBJC_IMPLEMENTATIONS = YES;
				CLANG_WARN_DIRECT_OBJC_ISA_USAGE = YES_ERROR;
				CLANG_WARN_DOCUMENTATION_COMMENTS = YES;
				CLANG_WARN_EMPTY_BODY = YES;
				CLANG_WARN_ENUM_CONVERSION = YES;
				CLANG_WARN_INFINITE_RECURSION = YES;
				CLANG_WARN_INT_CONVERSION = YES;
				CLANG_WARN_NON_LITERAL_NULL_CONVERSION = YES;
				CLANG_WARN_OBJC_IMPLICIT_RETAIN_SELF = YES;
				CLANG_WARN_OBJC_LITERAL_CONVERSION = YES;
				CLANG_WARN_OBJC_ROOT_CLASS = YES_ERROR;
				CLANG_WARN_RANGE_LOOP_ANALYSIS = YES;
				CLANG_WARN_STRICT_PROTOTYPES = YES;
				CLANG_WARN_SUSPICIOUS_MOVE = YES;
				CLANG_WARN_UNGUARDED_AVAILABILITY = YES_AGGRESSIVE;
				CLANG_WARN_UNREACHABLE_CODE = YES;
				CLANG_WARN__DUPLICATE_METHOD_MATCH = YES;
				COPY_PHASE_STRIP = NO;
				DEBUG_INFORMATION_FORMAT = "dwarf-with-dsym";
				ENABLE_NS_ASSERTIONS = NO;
				ENABLE_STRICT_OBJC_MSGSEND = YES;
				GCC_C_LANGUAGE_STANDARD = gnu11;
				GCC_NO_COMMON_BLOCKS = YES;
				GCC_WARN_64_TO_32_BIT_CONVERSION = YES;
				GCC_WARN_ABOUT_RETURN_TYPE = YES_ERROR;
				GCC_WARN_UNDECLARED_SELECTOR = YES;
				GCC_WARN_UNINITIALIZED_AUTOS = YES_AGGRESSIVE;
				GCC_WARN_UNUSED_FUNCTION = YES;
				GCC_WARN_UNUSED_VARIABLE = YES;
				IPHONEOS_DEPLOYMENT_TARGET = 13.0;
				MTL_ENABLE_DEBUG_INFO = NO;
				MTL_FAST_MATH = YES;
				SDKROOT = iphoneos;
				SWIFT_COMPILATION_MODE = wholemodule;
				SWIFT_OPTIMIZATION_LEVEL = "-O";
				VALIDATE_PRODUCT = YES;
			};
			name = Release;
		};
		2C44A72622D20BDE00E7F988 /* Debug */ = {
			isa = XCBuildConfiguration;
			buildSettings = {
				ASSETCATALOG_COMPILER_APPICON_NAME = AppIcon;
				CODE_SIGN_STYLE = Automatic;
				DEVELOPMENT_ASSET_PATHS = "SwiftUIDemo/Preview\\ Content";
				DEVELOPMENT_TEAM = 49XSW2DA68;
				ENABLE_PREVIEWS = YES;
				INFOPLIST_FILE = SwiftUIDemo/Info.plist;
				LD_RUNPATH_SEARCH_PATHS = (
					"$(inherited)",
					"@executable_path/Frameworks",
				);
				PRODUCT_BUNDLE_IDENTIFIER = disho.SwiftUIDemo;
				PRODUCT_NAME = "$(TARGET_NAME)";
				SWIFT_VERSION = 5.0;
				TARGETED_DEVICE_FAMILY = "1,2";
			};
			name = Debug;
		};
		2C44A72722D20BDE00E7F988 /* Release */ = {
			isa = XCBuildConfiguration;
			buildSettings = {
				ASSETCATALOG_COMPILER_APPICON_NAME = AppIcon;
				CODE_SIGN_STYLE = Automatic;
				DEVELOPMENT_ASSET_PATHS = "SwiftUIDemo/Preview\\ Content";
				DEVELOPMENT_TEAM = 49XSW2DA68;
				ENABLE_PREVIEWS = YES;
				INFOPLIST_FILE = SwiftUIDemo/Info.plist;
				LD_RUNPATH_SEARCH_PATHS = (
					"$(inherited)",
					"@executable_path/Frameworks",
				);
				PRODUCT_BUNDLE_IDENTIFIER = disho.SwiftUIDemo;
				PRODUCT_NAME = "$(TARGET_NAME)";
				SWIFT_VERSION = 5.0;
				TARGETED_DEVICE_FAMILY = "1,2";
			};
			name = Release;
		};
/* End XCBuildConfiguration section */

/* Begin XCConfigurationList section */
		2C44A70C22D20BDD00E7F988 /* Build configuration list for PBXProject "SwiftUIDemo" */ = {
			isa = XCConfigurationList;
			buildConfigurations = (
				2C44A72322D20BDE00E7F988 /* Debug */,
				2C44A72422D20BDE00E7F988 /* Release */,
			);
			defaultConfigurationIsVisible = 0;
			defaultConfigurationName = Release;
		};
		2C44A72522D20BDE00E7F988 /* Build configuration list for PBXNativeTarget "SwiftUIDemo" */ = {
			isa = XCConfigurationList;
			buildConfigurations = (
				2C44A72622D20BDE00E7F988 /* Debug */,
				2C44A72722D20BDE00E7F988 /* Release */,
			);
			defaultConfigurationIsVisible = 0;
			defaultConfigurationName = Release;
		};
/* End XCConfigurationList section */
	};
	rootObject = 2C44A70922D20BDD00E7F988 /* Project object */;
}
